{
  "name": "iterate_ip",
  "version": "1.0.0",
  "lockfileVersion": 3,
  "requires": true,
  "packages": {
    "": {
      "name": "iterate_ip",
      "version": "1.0.0",
      "license": "ISC",
      "dependencies": {
        "ip-cidr": "^4.0.2",
        "ua-parser-js": "^2.0.0"
      }
    },
    "node_modules/detect-europe-js": {
      "version": "0.1.2",
      "resolved": "https://registry.npmjs.org/detect-europe-js/-/detect-europe-js-0.1.2.tgz",
      "integrity": "sha512-lgdERlL3u0aUdHocoouzT10d9I89VVhk0qNRmll7mXdGfJT1/wqZ2ZLA4oJAjeACPY5fT1wsbq2AT+GkuInsow==",
      "funding": [
        {
          "type": "github",
          "url": "https://github.com/sponsors/faisalman"
        },
        {
          "type": "opencollective",
          "url": "https://opencollective.com/ua-parser-js"
        },
        {
          "type": "paypal",
          "url": "https://paypal.me/faisalman"
        }
      ],
      "license": "MIT"
    },
    "node_modules/ip-address": {
      "version": "9.0.5",
      "resolved": "https://registry.npmjs.org/ip-address/-/ip-address-9.0.5.tgz",
      "integrity": "sha512-zHtQzGojZXTwZTHQqra+ETKd4Sn3vgi7uBmlPoXVWZqYvuKmtI0l/VZTjqGmJY9x88GGOaZ9+G9ES8hC4T4X8g==",
      "license": "MIT",
      "dependencies": {
        "jsbn": "1.1.0",
        "sprintf-js": "^1.1.3"
      },
      "engines": {
        "node": ">= 12"
      }
    },
    "node_modules/ip-cidr": {
      "version": "4.0.2",
      "resolved": "https://registry.npmjs.org/ip-cidr/-/ip-cidr-4.0.2.tgz",
      "integrity": "sha512-KifhLKBjdS/hB3TD4UUOalVp1BpzPFvRpgJvXcP0Ya98tuSQTUQ71iI7EW7CKddkBJTYB3GfTWl5eJwpLOXj2A==",
      "license": "MIT",
      "dependencies": {
        "ip-address": "^9.0.5"
      },
      "engines": {
        "node": ">=16.14.0"
      }
    },
    "node_modules/is-standalone-pwa": {
      "version": "0.1.1",
      "resolved": "https://registry.npmjs.org/is-standalone-pwa/-/is-standalone-pwa-0.1.1.tgz",
      "integrity": "sha512-9Cbovsa52vNQCjdXOzeQq5CnCbAcRk05aU62K20WO372NrTv0NxibLFCK6lQ4/iZEFdEA3p3t2VNOn8AJ53F5g==",
      "funding": [
        {
          "type": "github",
          "url": "https://github.com/sponsors/faisalman"
        },
        {
          "type": "opencollective",
          "url": "https://opencollective.com/ua-parser-js"
        },
        {
          "type": "paypal",
          "url": "https://paypal.me/faisalman"
        }
      ],
      "license": "MIT"
    },
    "node_modules/jsbn": {
      "version": "1.1.0",
      "resolved": "https://registry.npmjs.org/jsbn/-/jsbn-1.1.0.tgz",
      "integrity": "sha512-4bYVV3aAMtDTTu4+xsDYa6sy9GyJ69/amsu9sYF2zqjiEoZA5xJi3BrfX3uY+/IekIu7MwdObdbDWpoZdBv3/A==",
      "license": "MIT"
    },
    "node_modules/sprintf-js": {
      "version": "1.1.3",
      "resolved": "https://registry.npmjs.org/sprintf-js/-/sprintf-js-1.1.3.tgz",
      "integrity": "sha512-Oo+0REFV59/rz3gfJNKQiBlwfHaSESl1pcGyABQsnnIfWOFt6JNj5gCog2U6MLZ//IGYD+nA8nI+mTShREReaA==",
      "license": "BSD-3-Clause"
    },
    "node_modules/ua-is-frozen": {
      "version": "0.1.2",
      "resolved": "https://registry.npmjs.org/ua-is-frozen/-/ua-is-frozen-0.1.2.tgz",
      "integrity": "sha512-RwKDW2p3iyWn4UbaxpP2+VxwqXh0jpvdxsYpZ5j/MLLiQOfbsV5shpgQiw93+KMYQPcteeMQ289MaAFzs3G9pw==",
      "funding": [
        {
          "type": "github",
          "url": "https://github.com/sponsors/faisalman"
        },
        {
          "type": "opencollective",
          "url": "https://opencollective.com/ua-parser-js"
        },
        {
          "type": "paypal",
          "url": "https://paypal.me/faisalman"
        }
      ],
      "license": "MIT"
    },
    "node_modules/ua-parser-js": {
      "version": "2.0.0",
      "resolved": "https://registry.npmjs.org/ua-parser-js/-/ua-parser-js-2.0.0.tgz",
      "integrity": "sha512-SASgD4RlB7+SCMmlVNqrhPw0f/2pGawWBzJ2+LwGTD0GgNnrKGzPJDiraGHJDwW9Zm5DH2lTmUpqDpbZjJY4+Q==",
      "funding": [
        {
          "type": "opencollective",
          "url": "https://opencollective.com/ua-parser-js"
        },
        {
          "type": "paypal",
          "url": "https://paypal.me/faisalman"
        },
        {
          "type": "github",
          "url": "https://github.com/sponsors/faisalman"
        }
      ],
      "license": "AGPL-3.0-or-later",
      "dependencies": {
        "detect-europe-js": "^0.1.2",
        "is-standalone-pwa": "^0.1.1",
        "ua-is-frozen": "^0.1.2"
      },
      "bin": {
        "ua-parser-js": "script/cli.js"
      },
      "engines": {
        "node": "*"
      }
    }
  }
}
